// !$*UTF8*$!
{
	archiveVersion = 1;
	classes = {
	};
	objectVersion = 46;
	objects = {

/* Begin PBXBuildFile section */
		2B9488871B43060E0028B70B /* AnalysisTools.swift in Sources */ = {isa = PBXBuildFile; fileRef = 2B9488861B43060E0028B70B /* AnalysisTools.swift */; };
		2BDCAC841B41A625002A7F28 /* AppDelegate.swift in Sources */ = {isa = PBXBuildFile; fileRef = 2BDCAC831B41A625002A7F28 /* AppDelegate.swift */; };
		2BDCAC861B41A625002A7F28 /* ViewController.swift in Sources */ = {isa = PBXBuildFile; fileRef = 2BDCAC851B41A625002A7F28 /* ViewController.swift */; };
		2BDCAC891B41A625002A7F28 /* Main.storyboard in Resources */ = {isa = PBXBuildFile; fileRef = 2BDCAC871B41A625002A7F28 /* Main.storyboard */; };
		2BDCAC8B1B41A625002A7F28 /* Images.xcassets in Resources */ = {isa = PBXBuildFile; fileRef = 2BDCAC8A1B41A625002A7F28 /* Images.xcassets */; };
		2BDCAC8E1B41A625002A7F28 /* LaunchScreen.xib in Resources */ = {isa = PBXBuildFile; fileRef = 2BDCAC8C1B41A625002A7F28 /* LaunchScreen.xib */; };
		2BDCAC9A1B41A625002A7F28 /* HealthTrendFinderTests.swift in Sources */ = {isa = PBXBuildFile; fileRef = 2BDCAC991B41A625002A7F28 /* HealthTrendFinderTests.swift */; };
		2BDCACA41B41A7CC002A7F28 /* CardView.swift in Sources */ = {isa = PBXBuildFile; fileRef = 2BDCACA31B41A7CC002A7F28 /* CardView.swift */; };
		2BDCACA61B41A80A002A7F28 /* CardViewController.swift in Sources */ = {isa = PBXBuildFile; fileRef = 2BDCACA51B41A80A002A7F28 /* CardViewController.swift */; };
		7112612B1B54202400CF39A8 /* ActivityDataCollector.m in Sources */ = {isa = PBXBuildFile; fileRef = 711261221B54202400CF39A8 /* ActivityDataCollector.m */; };
		7112612C1B54202400CF39A8 /* DataCollectorManager.m in Sources */ = {isa = PBXBuildFile; fileRef = 711261241B54202400CF39A8 /* DataCollectorManager.m */; };
		7112612D1B54202400CF39A8 /* HealthKitDataCollector.m in Sources */ = {isa = PBXBuildFile; fileRef = 711261261B54202400CF39A8 /* HealthKitDataCollector.m */; };
		7112612F1B54202400CF39A8 /* WeatherDataCollector.m in Sources */ = {isa = PBXBuildFile; fileRef = 7112612A1B54202400CF39A8 /* WeatherDataCollector.m */; };
		7112613A1B5420D700CF39A8 /* ActivityDataItem.m in Sources */ = {isa = PBXBuildFile; fileRef = 711261371B5420D700CF39A8 /* ActivityDataItem.m */; };
		7112613B1B5420D700CF39A8 /* ActivityDataSet.m in Sources */ = {isa = PBXBuildFile; fileRef = 711261391B5420D700CF39A8 /* ActivityDataSet.m */; };
		71542AB61B4AED1100E6A112 /* HKManager.swift in Sources */ = {isa = PBXBuildFile; fileRef = 71542AB51B4AED1100E6A112 /* HKManager.swift */; };
		71DF26381B4EE6990027D480 /* WeatherView.swift in Sources */ = {isa = PBXBuildFile; fileRef = 71DF26371B4EE6990027D480 /* WeatherView.swift */; };
		71E1F4131B5370130065D4EB /* HealthKit.framework in Frameworks */ = {isa = PBXBuildFile; fileRef = 71E1F4121B5370130065D4EB /* HealthKit.framework */; };
/* End PBXBuildFile section */

/* Begin PBXContainerItemProxy section */
		2BDCAC941B41A625002A7F28 /* PBXContainerItemProxy */ = {
			isa = PBXContainerItemProxy;
			containerPortal = 2BDCAC761B41A625002A7F28 /* Project object */;
			proxyType = 1;
			remoteGlobalIDString = 2BDCAC7D1B41A625002A7F28;
			remoteInfo = HealthTrendFinder;
		};
/* End PBXContainerItemProxy section */

/* Begin PBXFileReference section */
		2B9488861B43060E0028B70B /* AnalysisTools.swift */ = {isa = PBXFileReference; fileEncoding = 4; lastKnownFileType = sourcecode.swift; path = AnalysisTools.swift; sourceTree = "<group>"; };
		2BDCAC7E1B41A625002A7F28 /* HealthTrendFinder.app */ = {isa = PBXFileReference; explicitFileType = wrapper.application; includeInIndex = 0; path = HealthTrendFinder.app; sourceTree = BUILT_PRODUCTS_DIR; };
		2BDCAC821B41A625002A7F28 /* Info.plist */ = {isa = PBXFileReference; lastKnownFileType = text.plist.xml; path = Info.plist; sourceTree = "<group>"; };
		2BDCAC831B41A625002A7F28 /* AppDelegate.swift */ = {isa = PBXFileReference; lastKnownFileType = sourcecode.swift; path = AppDelegate.swift; sourceTree = "<group>"; };
		2BDCAC851B41A625002A7F28 /* ViewController.swift */ = {isa = PBXFileReference; lastKnownFileType = sourcecode.swift; path = ViewController.swift; sourceTree = "<group>"; };
		2BDCAC881B41A625002A7F28 /* Base */ = {isa = PBXFileReference; lastKnownFileType = file.storyboard; name = Base; path = Base.lproj/Main.storyboard; sourceTree = "<group>"; };
		2BDCAC8A1B41A625002A7F28 /* Images.xcassets */ = {isa = PBXFileReference; lastKnownFileType = folder.assetcatalog; path = Images.xcassets; sourceTree = "<group>"; };
		2BDCAC8D1B41A625002A7F28 /* Base */ = {isa = PBXFileReference; lastKnownFileType = file.xib; name = Base; path = Base.lproj/LaunchScreen.xib; sourceTree = "<group>"; };
		2BDCAC931B41A625002A7F28 /* HealthTrendFinderTests.xctest */ = {isa = PBXFileReference; explicitFileType = wrapper.cfbundle; includeInIndex = 0; path = HealthTrendFinderTests.xctest; sourceTree = BUILT_PRODUCTS_DIR; };
		2BDCAC981B41A625002A7F28 /* Info.plist */ = {isa = PBXFileReference; lastKnownFileType = text.plist.xml; path = Info.plist; sourceTree = "<group>"; };
		2BDCAC991B41A625002A7F28 /* HealthTrendFinderTests.swift */ = {isa = PBXFileReference; lastKnownFileType = sourcecode.swift; path = HealthTrendFinderTests.swift; sourceTree = "<group>"; };
		2BDCACA31B41A7CC002A7F28 /* CardView.swift */ = {isa = PBXFileReference; fileEncoding = 4; lastKnownFileType = sourcecode.swift; path = CardView.swift; sourceTree = "<group>"; };
		2BDCACA51B41A80A002A7F28 /* CardViewController.swift */ = {isa = PBXFileReference; fileEncoding = 4; lastKnownFileType = sourcecode.swift; path = CardViewController.swift; sourceTree = "<group>"; };
		711261211B54202400CF39A8 /* ActivityDataCollector.h */ = {isa = PBXFileReference; fileEncoding = 4; lastKnownFileType = sourcecode.c.h; path = ActivityDataCollector.h; sourceTree = "<group>"; };
		711261221B54202400CF39A8 /* ActivityDataCollector.m */ = {isa = PBXFileReference; fileEncoding = 4; lastKnownFileType = sourcecode.c.objc; path = ActivityDataCollector.m; sourceTree = "<group>"; };
		711261231B54202400CF39A8 /* DataCollectorManager.h */ = {isa = PBXFileReference; fileEncoding = 4; lastKnownFileType = sourcecode.c.h; path = DataCollectorManager.h; sourceTree = "<group>"; };
		711261241B54202400CF39A8 /* DataCollectorManager.m */ = {isa = PBXFileReference; fileEncoding = 4; lastKnownFileType = sourcecode.c.objc; path = DataCollectorManager.m; sourceTree = "<group>"; };
		711261251B54202400CF39A8 /* HealthKitDataCollector.h */ = {isa = PBXFileReference; fileEncoding = 4; lastKnownFileType = sourcecode.c.h; path = HealthKitDataCollector.h; sourceTree = "<group>"; };
		711261261B54202400CF39A8 /* HealthKitDataCollector.m */ = {isa = PBXFileReference; fileEncoding = 4; lastKnownFileType = sourcecode.c.objc; path = HealthKitDataCollector.m; sourceTree = "<group>"; };
		711261271B54202400CF39A8 /* HealthTrendFinder-Bridging-Header.h */ = {isa = PBXFileReference; fileEncoding = 4; lastKnownFileType = sourcecode.c.h; path = "HealthTrendFinder-Bridging-Header.h"; sourceTree = "<group>"; };
		711261291B54202400CF39A8 /* WeatherDataCollector.h */ = {isa = PBXFileReference; fileEncoding = 4; lastKnownFileType = sourcecode.c.h; path = WeatherDataCollector.h; sourceTree = "<group>"; };
		7112612A1B54202400CF39A8 /* WeatherDataCollector.m */ = {isa = PBXFileReference; fileEncoding = 4; lastKnownFileType = sourcecode.c.objc; path = WeatherDataCollector.m; sourceTree = "<group>"; };
		711261361B5420D700CF39A8 /* ActivityDataItem.h */ = {isa = PBXFileReference; fileEncoding = 4; lastKnownFileType = sourcecode.c.h; path = ActivityDataItem.h; sourceTree = "<group>"; };
		711261371B5420D700CF39A8 /* ActivityDataItem.m */ = {isa = PBXFileReference; fileEncoding = 4; lastKnownFileType = sourcecode.c.objc; path = ActivityDataItem.m; sourceTree = "<group>"; };
		711261381B5420D700CF39A8 /* ActivityDataSet.h */ = {isa = PBXFileReference; fileEncoding = 4; lastKnownFileType = sourcecode.c.h; path = ActivityDataSet.h; sourceTree = "<group>"; };
		711261391B5420D700CF39A8 /* ActivityDataSet.m */ = {isa = PBXFileReference; fileEncoding = 4; lastKnownFileType = sourcecode.c.objc; path = ActivityDataSet.m; sourceTree = "<group>"; };
		71542AB21B4AE90400E6A112 /* HealthTrendFinder.entitlements */ = {isa = PBXFileReference; lastKnownFileType = text.xml; path = HealthTrendFinder.entitlements; sourceTree = "<group>"; };
		71542AB51B4AED1100E6A112 /* HKManager.swift */ = {isa = PBXFileReference; fileEncoding = 4; lastKnownFileType = sourcecode.swift; path = HKManager.swift; sourceTree = "<group>"; };
		71DF26371B4EE6990027D480 /* WeatherView.swift */ = {isa = PBXFileReference; fileEncoding = 4; lastKnownFileType = sourcecode.swift; path = WeatherView.swift; sourceTree = "<group>"; };
		71E1F4121B5370130065D4EB /* HealthKit.framework */ = {isa = PBXFileReference; lastKnownFileType = wrapper.framework; name = HealthKit.framework; path = System/Library/Frameworks/HealthKit.framework; sourceTree = SDKROOT; };
/* End PBXFileReference section */

/* Begin PBXFrameworksBuildPhase section */
		2BDCAC7B1B41A625002A7F28 /* Frameworks */ = {
			isa = PBXFrameworksBuildPhase;
			buildActionMask = 2147483647;
			files = (
				71E1F4131B5370130065D4EB /* HealthKit.framework in Frameworks */,
			);
			runOnlyForDeploymentPostprocessing = 0;
		};
		2BDCAC901B41A625002A7F28 /* Frameworks */ = {
			isa = PBXFrameworksBuildPhase;
			buildActionMask = 2147483647;
			files = (
			);
			runOnlyForDeploymentPostprocessing = 0;
		};
/* End PBXFrameworksBuildPhase section */

/* Begin PBXGroup section */
		2B9488851B4305710028B70B /* Analysis */ = {
			isa = PBXGroup;
			children = (
				2B9488861B43060E0028B70B /* AnalysisTools.swift */,
			);
			name = Analysis;
			sourceTree = "<group>";
		};
		2BAF2BC01B5419BF0020D82E /* HealthKit */ = {
			isa = PBXGroup;
			children = (
				711261211B54202400CF39A8 /* ActivityDataCollector.h */,
				711261221B54202400CF39A8 /* ActivityDataCollector.m */,
				711261231B54202400CF39A8 /* DataCollectorManager.h */,
				711261241B54202400CF39A8 /* DataCollectorManager.m */,
				711261251B54202400CF39A8 /* HealthKitDataCollector.h */,
				711261261B54202400CF39A8 /* HealthKitDataCollector.m */,
				711261271B54202400CF39A8 /* HealthTrendFinder-Bridging-Header.h */,
				711261291B54202400CF39A8 /* WeatherDataCollector.h */,
				7112612A1B54202400CF39A8 /* WeatherDataCollector.m */,
				71542AB51B4AED1100E6A112 /* HKManager.swift */,
			);
			name = HealthKit;
			sourceTree = "<group>";
		};
		2BAF2BC11B5419D60020D82E /* Data */ = {
			isa = PBXGroup;
			children = (
				711261361B5420D700CF39A8 /* ActivityDataItem.h */,
				711261371B5420D700CF39A8 /* ActivityDataItem.m */,
				711261381B5420D700CF39A8 /* ActivityDataSet.h */,
				711261391B5420D700CF39A8 /* ActivityDataSet.m */,
				2BAF2BC21B5419EB0020D82E /* Weather */,
				2BAF2BC01B5419BF0020D82E /* HealthKit */,
			);
			name = Data;
			sourceTree = "<group>";
		};
		2BAF2BC21B5419EB0020D82E /* Weather */ = {
			isa = PBXGroup;
			children = (
				71DF26371B4EE6990027D480 /* WeatherView.swift */,
			);
			name = Weather;
			sourceTree = "<group>";
		};
		2BDCAC751B41A625002A7F28 = {
			isa = PBXGroup;
			children = (
				71E1F4121B5370130065D4EB /* HealthKit.framework */,
				2BDCAC801B41A625002A7F28 /* HealthTrendFinder */,
				2BDCAC961B41A625002A7F28 /* HealthTrendFinderTests */,
				2BDCAC7F1B41A625002A7F28 /* Products */,
			);
			sourceTree = "<group>";
		};
		2BDCAC7F1B41A625002A7F28 /* Products */ = {
			isa = PBXGroup;
			children = (
				2BDCAC7E1B41A625002A7F28 /* HealthTrendFinder.app */,
				2BDCAC931B41A625002A7F28 /* HealthTrendFinderTests.xctest */,
			);
			name = Products;
			sourceTree = "<group>";
		};
		2BDCAC801B41A625002A7F28 /* HealthTrendFinder */ = {
			isa = PBXGroup;
			children = (
				71542AB21B4AE90400E6A112 /* HealthTrendFinder.entitlements */,
				2B9488851B4305710028B70B /* Analysis */,
				2BDCAC831B41A625002A7F28 /* AppDelegate.swift */,
				2BAF2BC11B5419D60020D82E /* Data */,
				2BDCAC851B41A625002A7F28 /* ViewController.swift */,
				2BDCAC871B41A625002A7F28 /* Main.storyboard */,
				2BDCACA31B41A7CC002A7F28 /* CardView.swift */,
				2BDCACA51B41A80A002A7F28 /* CardViewController.swift */,
				2BDCAC8A1B41A625002A7F28 /* Images.xcassets */,
				2BDCAC8C1B41A625002A7F28 /* LaunchScreen.xib */,
				2BDCAC811B41A625002A7F28 /* Supporting Files */,
			);
			path = HealthTrendFinder;
			sourceTree = "<group>";
		};
		2BDCAC811B41A625002A7F28 /* Supporting Files */ = {
			isa = PBXGroup;
			children = (
				2BDCAC821B41A625002A7F28 /* Info.plist */,
			);
			name = "Supporting Files";
			sourceTree = "<group>";
		};
		2BDCAC961B41A625002A7F28 /* HealthTrendFinderTests */ = {
			isa = PBXGroup;
			children = (
				2BDCAC991B41A625002A7F28 /* HealthTrendFinderTests.swift */,
				2BDCAC971B41A625002A7F28 /* Supporting Files */,
			);
			path = HealthTrendFinderTests;
			sourceTree = "<group>";
		};
		2BDCAC971B41A625002A7F28 /* Supporting Files */ = {
			isa = PBXGroup;
			children = (
				2BDCAC981B41A625002A7F28 /* Info.plist */,
			);
			name = "Supporting Files";
			sourceTree = "<group>";
		};
/* End PBXGroup section */

/* Begin PBXNativeTarget section */
		2BDCAC7D1B41A625002A7F28 /* HealthTrendFinder */ = {
			isa = PBXNativeTarget;
			buildConfigurationList = 2BDCAC9D1B41A625002A7F28 /* Build configuration list for PBXNativeTarget "HealthTrendFinder" */;
			buildPhases = (
				2BDCAC7A1B41A625002A7F28 /* Sources */,
				2BDCAC7B1B41A625002A7F28 /* Frameworks */,
				2BDCAC7C1B41A625002A7F28 /* Resources */,
			);
			buildRules = (
			);
			dependencies = (
			);
			name = HealthTrendFinder;
			productName = HealthTrendFinder;
			productReference = 2BDCAC7E1B41A625002A7F28 /* HealthTrendFinder.app */;
			productType = "com.apple.product-type.application";
		};
		2BDCAC921B41A625002A7F28 /* HealthTrendFinderTests */ = {
			isa = PBXNativeTarget;
			buildConfigurationList = 2BDCACA01B41A625002A7F28 /* Build configuration list for PBXNativeTarget "HealthTrendFinderTests" */;
			buildPhases = (
				2BDCAC8F1B41A625002A7F28 /* Sources */,
				2BDCAC901B41A625002A7F28 /* Frameworks */,
				2BDCAC911B41A625002A7F28 /* Resources */,
			);
			buildRules = (
			);
			dependencies = (
				2BDCAC951B41A625002A7F28 /* PBXTargetDependency */,
			);
			name = HealthTrendFinderTests;
			productName = HealthTrendFinderTests;
			productReference = 2BDCAC931B41A625002A7F28 /* HealthTrendFinderTests.xctest */;
			productType = "com.apple.product-type.bundle.unit-test";
		};
/* End PBXNativeTarget section */

/* Begin PBXProject section */
		2BDCAC761B41A625002A7F28 /* Project object */ = {
			isa = PBXProject;
			attributes = {
				LastUpgradeCheck = 0630;
				TargetAttributes = {
					2BDCAC7D1B41A625002A7F28 = {
						CreatedOnToolsVersion = 6.3.1;
						DevelopmentTeam = W6PL5NP4K5;
						SystemCapabilities = {
							com.apple.HealthKit = {
								enabled = 1;
							};
						};
					};
					2BDCAC921B41A625002A7F28 = {
						CreatedOnToolsVersion = 6.3.1;
						TestTargetID = 2BDCAC7D1B41A625002A7F28;
					};
				};
			};
			buildConfigurationList = 2BDCAC791B41A625002A7F28 /* Build configuration list for PBXProject "HealthTrendFinder" */;
			compatibilityVersion = "Xcode 3.2";
			developmentRegion = English;
			hasScannedForEncodings = 0;
			knownRegions = (
				en,
				Base,
			);
			mainGroup = 2BDCAC751B41A625002A7F28;
			productRefGroup = 2BDCAC7F1B41A625002A7F28 /* Products */;
			projectDirPath = "";
			projectRoot = "";
			targets = (
				2BDCAC7D1B41A625002A7F28 /* HealthTrendFinder */,
				2BDCAC921B41A625002A7F28 /* HealthTrendFinderTests */,
			);
		};
/* End PBXProject section */

/* Begin PBXResourcesBuildPhase section */
		2BDCAC7C1B41A625002A7F28 /* Resources */ = {
			isa = PBXResourcesBuildPhase;
			buildActionMask = 2147483647;
			files = (
				2BDCAC891B41A625002A7F28 /* Main.storyboard in Resources */,
				2BDCAC8E1B41A625002A7F28 /* LaunchScreen.xib in Resources */,
				2BDCAC8B1B41A625002A7F28 /* Images.xcassets in Resources */,
			);
			runOnlyForDeploymentPostprocessing = 0;
		};
		2BDCAC911B41A625002A7F28 /* Resources */ = {
			isa = PBXResourcesBuildPhase;
			buildActionMask = 2147483647;
			files = (
			);
			runOnlyForDeploymentPostprocessing = 0;
		};
/* End PBXResourcesBuildPhase section */

/* Begin PBXSourcesBuildPhase section */
		2BDCAC7A1B41A625002A7F28 /* Sources */ = {
			isa = PBXSourcesBuildPhase;
			buildActionMask = 2147483647;
			files = (
				7112612B1B54202400CF39A8 /* ActivityDataCollector.m in Sources */,
				2BDCACA61B41A80A002A7F28 /* CardViewController.swift in Sources */,
				2B9488871B43060E0028B70B /* AnalysisTools.swift in Sources */,
				7112613A1B5420D700CF39A8 /* ActivityDataItem.m in Sources */,
				7112612C1B54202400CF39A8 /* DataCollectorManager.m in Sources */,
				71542AB61B4AED1100E6A112 /* HKManager.swift in Sources */,
				2BDCAC861B41A625002A7F28 /* ViewController.swift in Sources */,
				7112613B1B5420D700CF39A8 /* ActivityDataSet.m in Sources */,
				2BDCACA41B41A7CC002A7F28 /* CardView.swift in Sources */,
				7112612F1B54202400CF39A8 /* WeatherDataCollector.m in Sources */,
				71DF26381B4EE6990027D480 /* WeatherView.swift in Sources */,
				7112612D1B54202400CF39A8 /* HealthKitDataCollector.m in Sources */,
				2BDCAC841B41A625002A7F28 /* AppDelegate.swift in Sources */,
			);
			runOnlyForDeploymentPostprocessing = 0;
		};
		2BDCAC8F1B41A625002A7F28 /* Sources */ = {
			isa = PBXSourcesBuildPhase;
			buildActionMask = 2147483647;
			files = (
				2BDCAC9A1B41A625002A7F28 /* HealthTrendFinderTests.swift in Sources */,
			);
			runOnlyForDeploymentPostprocessing = 0;
		};
/* End PBXSourcesBuildPhase section */

/* Begin PBXTargetDependency section */
		2BDCAC951B41A625002A7F28 /* PBXTargetDependency */ = {
			isa = PBXTargetDependency;
			target = 2BDCAC7D1B41A625002A7F28 /* HealthTrendFinder */;
			targetProxy = 2BDCAC941B41A625002A7F28 /* PBXContainerItemProxy */;
		};
/* End PBXTargetDependency section */

/* Begin PBXVariantGroup section */
		2BDCAC871B41A625002A7F28 /* Main.storyboard */ = {
			isa = PBXVariantGroup;
			children = (
				2BDCAC881B41A625002A7F28 /* Base */,
			);
			name = Main.storyboard;
			sourceTree = "<group>";
		};
		2BDCAC8C1B41A625002A7F28 /* LaunchScreen.xib */ = {
			isa = PBXVariantGroup;
			children = (
				2BDCAC8D1B41A625002A7F28 /* Base */,
			);
			name = LaunchScreen.xib;
			sourceTree = "<group>";
		};
/* End PBXVariantGroup section */

/* Begin XCBuildConfiguration section */
		2BDCAC9B1B41A625002A7F28 /* Debug */ = {
			isa = XCBuildConfiguration;
			buildSettings = {
				ALWAYS_SEARCH_USER_PATHS = NO;
				CLANG_CXX_LANGUAGE_STANDARD = "gnu++0x";
				CLANG_CXX_LIBRARY = "libc++";
				CLANG_ENABLE_MODULES = YES;
				CLANG_ENABLE_OBJC_ARC = YES;
				CLANG_WARN_BOOL_CONVERSION = YES;
				CLANG_WARN_CONSTANT_CONVERSION = YES;
				CLANG_WARN_DIRECT_OBJC_ISA_USAGE = YES_ERROR;
				CLANG_WARN_EMPTY_BODY = YES;
				CLANG_WARN_ENUM_CONVERSION = YES;
				CLANG_WARN_INT_CONVERSION = YES;
				CLANG_WARN_OBJC_ROOT_CLASS = YES_ERROR;
				CLANG_WARN_UNREACHABLE_CODE = YES;
				CLANG_WARN__DUPLICATE_METHOD_MATCH = YES;
				"CODE_SIGN_IDENTITY[sdk=iphoneos*]" = "iPhone Developer";
				COPY_PHASE_STRIP = NO;
				DEBUG_INFORMATION_FORMAT = "dwarf-with-dsym";
				ENABLE_STRICT_OBJC_MSGSEND = YES;
				GCC_C_LANGUAGE_STANDARD = gnu99;
				GCC_DYNAMIC_NO_PIC = NO;
				GCC_NO_COMMON_BLOCKS = YES;
				GCC_OPTIMIZATION_LEVEL = 0;
				GCC_PREPROCESSOR_DEFINITIONS = (
					"DEBUG=1",
					"$(inherited)",
				);
				GCC_SYMBOLS_PRIVATE_EXTERN = NO;
				GCC_WARN_64_TO_32_BIT_CONVERSION = YES;
				GCC_WARN_ABOUT_RETURN_TYPE = YES_ERROR;
				GCC_WARN_UNDECLARED_SELECTOR = YES;
				GCC_WARN_UNINITIALIZED_AUTOS = YES_AGGRESSIVE;
				GCC_WARN_UNUSED_FUNCTION = YES;
				GCC_WARN_UNUSED_VARIABLE = YES;
				IPHONEOS_DEPLOYMENT_TARGET = 8.3;
				MTL_ENABLE_DEBUG_INFO = YES;
				ONLY_ACTIVE_ARCH = YES;
				SDKROOT = iphoneos;
				SWIFT_OPTIMIZATION_LEVEL = "-Onone";
				TARGETED_DEVICE_FAMILY = "1,2";
			};
			name = Debug;
		};
		2BDCAC9C1B41A625002A7F28 /* Release */ = {
			isa = XCBuildConfiguration;
			buildSettings = {
				ALWAYS_SEARCH_USER_PATHS = NO;
				CLANG_CXX_LANGUAGE_STANDARD = "gnu++0x";
				CLANG_CXX_LIBRARY = "libc++";
				CLANG_ENABLE_MODULES = YES;
				CLANG_ENABLE_OBJC_ARC = YES;
				CLANG_WARN_BOOL_CONVERSION = YES;
				CLANG_WARN_CONSTANT_CONVERSION = YES;
				CLANG_WARN_DIRECT_OBJC_ISA_USAGE = YES_ERROR;
				CLANG_WARN_EMPTY_BODY = YES;
				CLANG_WARN_ENUM_CONVERSION = YES;
				CLANG_WARN_INT_CONVERSION = YES;
				CLANG_WARN_OBJC_ROOT_CLASS = YES_ERROR;
				CLANG_WARN_UNREACHABLE_CODE = YES;
				CLANG_WARN__DUPLICATE_METHOD_MATCH = YES;
				"CODE_SIGN_IDENTITY[sdk=iphoneos*]" = "iPhone Developer";
				COPY_PHASE_STRIP = NO;
				DEBUG_INFORMATION_FORMAT = "dwarf-with-dsym";
				ENABLE_NS_ASSERTIONS = NO;
				ENABLE_STRICT_OBJC_MSGSEND = YES;
				GCC_C_LANGUAGE_STANDARD = gnu99;
				GCC_NO_COMMON_BLOCKS = YES;
				GCC_WARN_64_TO_32_BIT_CONVERSION = YES;
				GCC_WARN_ABOUT_RETURN_TYPE = YES_ERROR;
				GCC_WARN_UNDECLARED_SELECTOR = YES;
				GCC_WARN_UNINITIALIZED_AUTOS = YES_AGGRESSIVE;
				GCC_WARN_UNUSED_FUNCTION = YES;
				GCC_WARN_UNUSED_VARIABLE = YES;
				IPHONEOS_DEPLOYMENT_TARGET = 8.3;
				MTL_ENABLE_DEBUG_INFO = NO;
				SDKROOT = iphoneos;
				TARGETED_DEVICE_FAMILY = "1,2";
				VALIDATE_PRODUCT = YES;
			};
			name = Release;
		};
		2BDCAC9E1B41A625002A7F28 /* Debug */ = {
			isa = XCBuildConfiguration;
			buildSettings = {
				ASSETCATALOG_COMPILER_APPICON_NAME = AppIcon;
				CLANG_ENABLE_MODULES = YES;
				CODE_SIGN_ENTITLEMENTS = HealthTrendFinder/HealthTrendFinder.entitlements;
				CODE_SIGN_IDENTITY = "iPhone Developer";
				"CODE_SIGN_IDENTITY[sdk=iphoneos*]" = "iPhone Developer";
				INFOPLIST_FILE = HealthTrendFinder/Info.plist;
				IPHONEOS_DEPLOYMENT_TARGET = 8.4;
				LD_RUNPATH_SEARCH_PATHS = "$(inherited) @executable_path/Frameworks";
				PRODUCT_NAME = "$(TARGET_NAME)";
				PROVISIONING_PROFILE = "";
				SWIFT_OBJC_BRIDGING_HEADER = "HealthTrendFinder/HealthTrendFinder-Bridging-Header.h";
				SWIFT_OPTIMIZATION_LEVEL = "-Onone";
			};
			name = Debug;
		};
		2BDCAC9F1B41A625002A7F28 /* Release */ = {
			isa = XCBuildConfiguration;
			buildSettings = {
				ASSETCATALOG_COMPILER_APPICON_NAME = AppIcon;
				CLANG_ENABLE_MODULES = YES;
				CODE_SIGN_ENTITLEMENTS = HealthTrendFinder/HealthTrendFinder.entitlements;
				CODE_SIGN_IDENTITY = "iPhone Developer";
				"CODE_SIGN_IDENTITY[sdk=iphoneos*]" = "iPhone Developer";
				INFOPLIST_FILE = HealthTrendFinder/Info.plist;
				IPHONEOS_DEPLOYMENT_TARGET = 8.4;
				LD_RUNPATH_SEARCH_PATHS = "$(inherited) @executable_path/Frameworks";
				PRODUCT_NAME = "$(TARGET_NAME)";
				PROVISIONING_PROFILE = "";
				SWIFT_OBJC_BRIDGING_HEADER = "HealthTrendFinder/HealthTrendFinder-Bridging-Header.h";
			};
			name = Release;
		};
		2BDCACA11B41A625002A7F28 /* Debug */ = {
			isa = XCBuildConfiguration;
			buildSettings = {
				BUNDLE_LOADER = "$(TEST_HOST)";
				FRAMEWORK_SEARCH_PATHS = (
					"$(SDKROOT)/Developer/Library/Frameworks",
					"$(inherited)",
				);
				GCC_PREPROCESSOR_DEFINITIONS = (
					"DEBUG=1",
					"$(inherited)",
				);
				INFOPLIST_FILE = HealthTrendFinderTests/Info.plist;
				LD_RUNPATH_SEARCH_PATHS = "$(inherited) @executable_path/Frameworks @loader_path/Frameworks";
				PRODUCT_NAME = "$(TARGET_NAME)";
				TEST_HOST = "$(BUILT_PRODUCTS_DIR)/HealthTrendFinder.app/HealthTrendFinder";
			};
			name = Debug;
		};
		2BDCACA21B41A625002A7F28 /* Release */ = {
			isa = XCBuildConfiguration;
			buildSettings = {
				BUNDLE_LOADER = "$(TEST_HOST)";
				FRAMEWORK_SEARCH_PATHS = (
					"$(SDKROOT)/Developer/Library/Frameworks",
					"$(inherited)",
				);
				INFOPLIST_FILE = HealthTrendFinderTests/Info.plist;
				LD_RUNPATH_SEARCH_PATHS = "$(inherited) @executable_path/Frameworks @loader_path/Frameworks";
				PRODUCT_NAME = "$(TARGET_NAME)";
				TEST_HOST = "$(BUILT_PRODUCTS_DIR)/HealthTrendFinder.app/HealthTrendFinder";
			};
			name = Release;
		};
/* End XCBuildConfiguration section */

/* Begin XCConfigurationList section */
		2BDCAC791B41A625002A7F28 /* Build configuration list for PBXProject "HealthTrendFinder" */ = {
			isa = XCConfigurationList;
			buildConfigurations = (
				2BDCAC9B1B41A625002A7F28 /* Debug */,
				2BDCAC9C1B41A625002A7F28 /* Release */,
			);
			defaultConfigurationIsVisible = 0;
			defaultConfigurationName = Release;
		};
		2BDCAC9D1B41A625002A7F28 /* Build configuration list for PBXNativeTarget "HealthTrendFinder" */ = {
			isa = XCConfigurationList;
			buildConfigurations = (
				2BDCAC9E1B41A625002A7F28 /* Debug */,
				2BDCAC9F1B41A625002A7F28 /* Release */,
			);
			defaultConfigurationIsVisible = 0;
			defaultConfigurationName = Release;
		};
		2BDCACA01B41A625002A7F28 /* Build configuration list for PBXNativeTarget "HealthTrendFinderTests" */ = {
			isa = XCConfigurationList;
			buildConfigurations = (
				2BDCACA11B41A625002A7F28 /* Debug */,
				2BDCACA21B41A625002A7F28 /* Release */,
			);
			defaultConfigurationIsVisible = 0;
			defaultConfigurationName = Release;
		};
/* End XCConfigurationList section */
	};
	rootObject = 2BDCAC761B41A625002A7F28 /* Project object */;
}
